<Solution>
  <Folder Name="/src/">
    <Project Path="AgendaPlus.Application/AgendaPlus.Application.csproj" Id="903b1735-d563-4f0d-8c24-526c95fe1903" />
    <Project Path="AgendaPlus.Domain/AgendaPlus.Domain.csproj" Id="2f819831-bd24-4673-a4fa-efd81b480b66" />
    <Project Path="AgendaPlus.Infrastructure/AgendaPlus.Infrastructure.csproj" />
    <Project Path="WebApi/AgendaPlus.WebApi.csproj" />
  </Folder>
</Solution>
